
Microsoft Visual Studio Solution File, Format Version 12.00
# Visual Studio 2013
VisualStudioVersion = 12.0.40629.0
MinimumVisualStudioVersion = 10.0.40219.1
Project("{FAE04EC0-301F-11D3-BF4B-00C04F79EFBC}") = "Teltonika.Codec", "Teltonika.Codec\Teltonika.Codec.csproj", "{ACDD9297-9972-4D62-B7BD-1EF04ED067D6}"
EndProject
Project("{FAE04EC0-301F-11D3-BF4B-00C04F79EFBC}") = "Teltonika.DataParser.Client", "Teltonika.DataParser.Client\Teltonika.DataParser.Client.csproj", "{80FAD97D-1A92-4F4A-B8E0-1E83490FF0B8}"
EndProject
Project("{FAE04EC0-301F-11D3-BF4B-00C04F79EFBC}") = "TcpListener", "TcpListener\TcpListener.csproj", "{D5C457B5-FA2A-4629-B212-4BF54C023A72}"
EndProject
Project("{FAE04EC0-301F-11D3-BF4B-00C04F79EFBC}") = "UdpListener", "UdpListener\UdpListener.csproj", "{39FB1E59-789A-439F-A3CE-67656B3EAE40}"
EndProject
Global
	GlobalSection(SolutionConfigurationPlatforms) = preSolution
		Debug|Any CPU = Debug|Any CPU
		Release|Any CPU = Release|Any CPU
	EndGlobalSection
	GlobalSection(ProjectConfigurationPlatforms) = postSolution
		{ACDD9297-9972-4D62-B7BD-1EF04ED067D6}.Debug|Any CPU.ActiveCfg = Debug|Any CPU
		{ACDD9297-9972-4D62-B7BD-1EF04ED067D6}.Debug|Any CPU.Build.0 = Debug|Any CPU
		{ACDD9297-9972-4D62-B7BD-1EF04ED067D6}.Release|Any CPU.ActiveCfg = Release|Any CPU
		{ACDD9297-9972-4D62-B7BD-1EF04ED067D6}.Release|Any CPU.Build.0 = Release|Any CPU
		{80FAD97D-1A92-4F4A-B8E0-1E83490FF0B8}.Debug|Any CPU.ActiveCfg = Debug|Any CPU
		{80FAD97D-1A92-4F4A-B8E0-1E83490FF0B8}.Debug|Any CPU.Build.0 = Debug|Any CPU
		{80FAD97D-1A92-4F4A-B8E0-1E83490FF0B8}.Release|Any CPU.ActiveCfg = Release|Any CPU
		{80FAD97D-1A92-4F4A-B8E0-1E83490FF0B8}.Release|Any CPU.Build.0 = Release|Any CPU
		{D5C457B5-FA2A-4629-B212-4BF54C023A72}.Debug|Any CPU.ActiveCfg = Debug|Any CPU
		{D5C457B5-FA2A-4629-B212-4BF54C023A72}.Debug|Any CPU.Build.0 = Debug|Any CPU
		{D5C457B5-FA2A-4629-B212-4BF54C023A72}.Release|Any CPU.ActiveCfg = Release|Any CPU
		{D5C457B5-FA2A-4629-B212-4BF54C023A72}.Release|Any CPU.Build.0 = Release|Any CPU
		{39FB1E59-789A-439F-A3CE-67656B3EAE40}.Debug|Any CPU.ActiveCfg = Debug|Any CPU
		{39FB1E59-789A-439F-A3CE-67656B3EAE40}.Debug|Any CPU.Build.0 = Debug|Any CPU
		{39FB1E59-789A-439F-A3CE-67656B3EAE40}.Release|Any CPU.ActiveCfg = Release|Any CPU
		{39FB1E59-789A-439F-A3CE-67656B3EAE40}.Release|Any CPU.Build.0 = Release|Any CPU
	EndGlobalSection
	GlobalSection(SolutionProperties) = preSolution
		HideSolutionNode = FALSE
	EndGlobalSection
EndGlobal
